# This file is automatically @generated by Cargo.
# It is not intended for manual editing.
version = 3

[[package]]
name = "prusti-contracts"
version = "0.1.4"
source = "registry+https://github.com/rust-lang/crates.io-index"
checksum = "0a55ba828aceca3c0786a6dd252e1d219720d15f4c454b70fee282111469c940"
dependencies = [
 "prusti-contracts-proc-macros",
]

[[package]]
name = "prusti-contracts-proc-macros"
version = "0.1.4"
source = "registry+https://github.com/rust-lang/crates.io-index"
checksum = "b74f012498f2f2239b7c99cb07c6fd18271587163d1710a242f00b6af5d9043d"

[[package]]
name = "test"
version = "0.1.0"
dependencies = [
 "prusti-contracts",
]
